
Microsoft Visual Studio Solution File, Format Version 12.00
# Visual Studio Version 17
VisualStudioVersion = 17.10.34916.146
MinimumVisualStudioVersion = 10.0.40219.1
Project("{FAE04EC0-301F-11D3-BF4B-00C04F79EFBC}") = "RESTFulApi", "RESTFulApi\RESTFulApi.csproj", "{C94A780F-A687-4BFB-8FDC-257959748A9C}"
EndProject
Global
	GlobalSection(SolutionConfigurationPlatforms) = preSolution
		Debug|Any CPU = Debug|Any CPU
		Release|Any CPU = Release|Any CPU
	EndGlobalSection
	GlobalSection(ProjectConfigurationPlatforms) = postSolution
		{C94A780F-A687-4BFB-8FDC-257959748A9C}.Debug|Any CPU.ActiveCfg = Debug|Any CPU
		{C94A780F-A687-4BFB-8FDC-257959748A9C}.Debug|Any CPU.Build.0 = Debug|Any CPU
		{C94A780F-A687-4BFB-8FDC-257959748A9C}.Release|Any CPU.ActiveCfg = Release|Any CPU
		{C94A780F-A687-4BFB-8FDC-257959748A9C}.Release|Any CPU.Build.0 = Release|Any CPU
	EndGlobalSection
	GlobalSection(SolutionProperties) = preSolution
		HideSolutionNode = FALSE
	EndGlobalSection
	GlobalSection(ExtensibilityGlobals) = postSolution
		SolutionGuid = {33CE2764-737A-4F6E-A2B5-9C0CF9624F15}
	EndGlobalSection
EndGlobal
